RyukyuInteractive/inta:
  - agents/backlog-planner.md
  - agents/debugger.md
  - agents/hacker.md
  - agents/issue-planner.md
  - rules/md.md
  - rules/ts.md
  - skills/backlog-planning/SKILL.md
  - skills/backlog/SKILL.md
  - skills/docs-refactor/SKILL.md
  - skills/docs/SKILL.md
  - skills/docs/references/backlogs.md
  - skills/docs/references/decisions.md
  - skills/docs/references/formats.md
  - skills/docs/references/glossary.md
  - skills/docs/references/index.md
  - skills/docs/references/signals.md
  - skills/docs/references/validation.md
  - skills/docs/references/writing-rules.md
  - skills/issue-planning/SKILL.md
  - skills/issue/SKILL.md
  - skills/pr/SKILL.md
  - skills/software-design/README.md
  - skills/software-design/SKILL.md
  - skills/software-design/references/architecture.md
  - skills/software-design/references/error-handling.md
  - skills/software-design/references/fluent-api.md
  - skills/software-design/references/fsm.md
  - skills/software-design/references/phantom-type.md
  - skills/software-design/references/react.md
  - skills/software-design/references/reducer.md
  - skills/software-design/references/service-layer.md
  - skills/software-design/references/ux-five-planes.md
  - skills/software-design/references/value-object.md
  - skills/software-stack-cli/SKILL.md
  - skills/software-stack-hono/SKILL.md
  - skills/software-stack-hono/references/application-service.md
  - skills/software-stack-hono/references/domain-entity.md
  - skills/software-stack-hono/references/domain-error.md
  - skills/software-stack-hono/references/domain-value.md
  - skills/software-stack-hono/references/drizzle-schema.md
  - skills/software-stack-hono/references/infrastructure-adapter.md
  - skills/software-stack-hono/references/infrastructure-repository.md
  - skills/software-stack-hono/references/interface-entry-point.md
  - skills/software-stack-hono/references/interface-error-handling.md
  - skills/software-stack-hono/references/interface-route-handler.md
  - skills/software-stack-hono/references/lib-structure.md
  - skills/software-stack-tanstack/SKILL.md
  - skills/software-stack-tanstack/references/auth.md
  - skills/software-stack-tanstack/references/cloudflare.md
  - skills/software-stack-tanstack/references/hc-client.md
  - skills/software-stack-tanstack/references/hono-api.md
  - skills/software-stack-tanstack/references/session-context.md
  - skills/software-stack-tanstack/references/suspense-use.md
  - skills/software-stack-tanstack/references/tanstack-start/basic-auth.md
  - skills/software-stack/SKILL.md
  - skills/test-lib/SKILL.md
